
Microsoft Visual Studio Solution File, Format Version 12.00
# Visual Studio Version 16
VisualStudioVersion = 16.0.31005.135
MinimumVisualStudioVersion = 10.0.40219.1
Project("{FAE04EC0-301F-11D3-BF4B-00C04F79EFBC}") = "net48MTWC", "MTWC\net48MTWC.csproj", "{E5E52787-3796-4CC2-8C6B-CAD6A2F5FDFB}"
EndProject
Project("{9A19103F-16F7-4668-BE54-9A1E7A4F7556}") = "MTWCBench", "MTWCBench\MTWCBench.csproj", "{A1A8F82F-6901-4F3F-B4FC-6C0260C4055A}"
EndProject
Project("{2150E333-8FDC-42A3-9474-1A3956D46DE8}") = "Solution Items", "Solution Items", "{6BB6AF4F-71A6-41F8-815B-56C03C6A2F8A}"
	ProjectSection(SolutionItems) = preProject
		.editorconfig = .editorconfig
	EndProjectSection
EndProject
Project("{9A19103F-16F7-4668-BE54-9A1E7A4F7556}") = "MTWCData", "MTWCData\MTWCData.csproj", "{DA7A339B-4773-4050-9025-4EAE34E7C52E}"
EndProject
Project("{9A19103F-16F7-4668-BE54-9A1E7A4F7556}") = "net5MTWC", "net5MTWC\net5MTWC.csproj", "{629C0DCB-58F6-4999-A673-0F86BFFBFA11}"
EndProject
Global
	GlobalSection(SolutionConfigurationPlatforms) = preSolution
		Debug|Any CPU = Debug|Any CPU
		Release|Any CPU = Release|Any CPU
	EndGlobalSection
	GlobalSection(ProjectConfigurationPlatforms) = postSolution
		{E5E52787-3796-4CC2-8C6B-CAD6A2F5FDFB}.Debug|Any CPU.ActiveCfg = Debug|Any CPU
		{E5E52787-3796-4CC2-8C6B-CAD6A2F5FDFB}.Debug|Any CPU.Build.0 = Debug|Any CPU
		{E5E52787-3796-4CC2-8C6B-CAD6A2F5FDFB}.Release|Any CPU.ActiveCfg = Release|Any CPU
		{E5E52787-3796-4CC2-8C6B-CAD6A2F5FDFB}.Release|Any CPU.Build.0 = Release|Any CPU
		{A1A8F82F-6901-4F3F-B4FC-6C0260C4055A}.Debug|Any CPU.ActiveCfg = Debug|Any CPU
		{A1A8F82F-6901-4F3F-B4FC-6C0260C4055A}.Debug|Any CPU.Build.0 = Debug|Any CPU
		{A1A8F82F-6901-4F3F-B4FC-6C0260C4055A}.Release|Any CPU.ActiveCfg = Release|Any CPU
		{A1A8F82F-6901-4F3F-B4FC-6C0260C4055A}.Release|Any CPU.Build.0 = Release|Any CPU
		{DA7A339B-4773-4050-9025-4EAE34E7C52E}.Debug|Any CPU.ActiveCfg = Debug|Any CPU
		{DA7A339B-4773-4050-9025-4EAE34E7C52E}.Debug|Any CPU.Build.0 = Debug|Any CPU
		{DA7A339B-4773-4050-9025-4EAE34E7C52E}.Release|Any CPU.ActiveCfg = Release|Any CPU
		{DA7A339B-4773-4050-9025-4EAE34E7C52E}.Release|Any CPU.Build.0 = Release|Any CPU
		{629C0DCB-58F6-4999-A673-0F86BFFBFA11}.Debug|Any CPU.ActiveCfg = Debug|Any CPU
		{629C0DCB-58F6-4999-A673-0F86BFFBFA11}.Debug|Any CPU.Build.0 = Debug|Any CPU
		{629C0DCB-58F6-4999-A673-0F86BFFBFA11}.Release|Any CPU.ActiveCfg = Release|Any CPU
		{629C0DCB-58F6-4999-A673-0F86BFFBFA11}.Release|Any CPU.Build.0 = Release|Any CPU
	EndGlobalSection
	GlobalSection(SolutionProperties) = preSolution
		HideSolutionNode = FALSE
	EndGlobalSection
	GlobalSection(ExtensibilityGlobals) = postSolution
		SolutionGuid = {45C04E82-EB33-42C2-9F79-9ADAABD7D72E}
	EndGlobalSection
EndGlobal
